
Microsoft Visual Studio Solution File, Format Version 12.00
# Visual Studio Version 17
VisualStudioVersion = 17.9.34622.214
MinimumVisualStudioVersion = 10.0.40219.1
Project("{FAE04EC0-301F-11D3-BF4B-00C04F79EFBC}") = "Task1", "Task1.csproj", "{129A4560-EA8B-4AAC-91FD-FFA46344A6E5}"
EndProject
Global
	GlobalSection(SolutionConfigurationPlatforms) = preSolution
		Debug|Any CPU = Debug|Any CPU
		Release|Any CPU = Release|Any CPU
	EndGlobalSection
	GlobalSection(ProjectConfigurationPlatforms) = postSolution
		{129A4560-EA8B-4AAC-91FD-FFA46344A6E5}.Debug|Any CPU.ActiveCfg = Debug|Any CPU
		{129A4560-EA8B-4AAC-91FD-FFA46344A6E5}.Debug|Any CPU.Build.0 = Debug|Any CPU
		{129A4560-EA8B-4AAC-91FD-FFA46344A6E5}.Release|Any CPU.ActiveCfg = Release|Any CPU
		{129A4560-EA8B-4AAC-91FD-FFA46344A6E5}.Release|Any CPU.Build.0 = Release|Any CPU
	EndGlobalSection
	GlobalSection(SolutionProperties) = preSolution
		HideSolutionNode = FALSE
	EndGlobalSection
	GlobalSection(ExtensibilityGlobals) = postSolution
		SolutionGuid = {29B5FF3A-1C7D-4C56-8E7B-4D029949CE27}
	EndGlobalSection
EndGlobal
